
Microsoft Visual Studio Solution File, Format Version 12.00
# Visual Studio Version 16
VisualStudioVersion = 16.0.31005.135
MinimumVisualStudioVersion = 10.0.40219.1
Project("{FAE04EC0-301F-11D3-BF4B-00C04F79EFBC}") = "aspnetApiDemo", "aspnetApiDemo\aspnetApiDemo.csproj", "{1892CD09-C24F-4C4F-A7BC-B2FD6DAB9F3C}"
EndProject
Global
	GlobalSection(SolutionConfigurationPlatforms) = preSolution
		Debug|Any CPU = Debug|Any CPU
		Release|Any CPU = Release|Any CPU
	EndGlobalSection
	GlobalSection(ProjectConfigurationPlatforms) = postSolution
		{1892CD09-C24F-4C4F-A7BC-B2FD6DAB9F3C}.Debug|Any CPU.ActiveCfg = Debug|Any CPU
		{1892CD09-C24F-4C4F-A7BC-B2FD6DAB9F3C}.Debug|Any CPU.Build.0 = Debug|Any CPU
		{1892CD09-C24F-4C4F-A7BC-B2FD6DAB9F3C}.Release|Any CPU.ActiveCfg = Release|Any CPU
		{1892CD09-C24F-4C4F-A7BC-B2FD6DAB9F3C}.Release|Any CPU.Build.0 = Release|Any CPU
	EndGlobalSection
	GlobalSection(SolutionProperties) = preSolution
		HideSolutionNode = FALSE
	EndGlobalSection
	GlobalSection(ExtensibilityGlobals) = postSolution
		SolutionGuid = {356BDFC6-2A70-4469-81AE-B97768924092}
	EndGlobalSection
EndGlobal
